// !$*UTF8*$!
{
	archiveVersion = 1;
	classes = {
	};
	objectVersion = 50;
	objects = {

/* Begin PBXBuildFile section */
		032C8D6721DCCB5500AB3F6C /* AppDelegate.swift in Sources */ = {isa = PBXBuildFile; fileRef = 032C8D6621DCCB5500AB3F6C /* AppDelegate.swift */; };
		032C8D6921DCCB5500AB3F6C /* ViewController.swift in Sources */ = {isa = PBXBuildFile; fileRef = 032C8D6821DCCB5500AB3F6C /* ViewController.swift */; };
		032C8D6C21DCCB5500AB3F6C /* Main.storyboard in Resources */ = {isa = PBXBuildFile; fileRef = 032C8D6A21DCCB5500AB3F6C /* Main.storyboard */; };
		032C8D6E21DCCB5700AB3F6C /* Assets.xcassets in Resources */ = {isa = PBXBuildFile; fileRef = 032C8D6D21DCCB5700AB3F6C /* Assets.xcassets */; };
		032C8D7121DCCB5700AB3F6C /* LaunchScreen.storyboard in Resources */ = {isa = PBXBuildFile; fileRef = 032C8D6F21DCCB5700AB3F6C /* LaunchScreen.storyboard */; };
		032C8D7921DCCCE900AB3F6C /* TweetSentimentClassifier.mlmodel in Sources */ = {isa = PBXBuildFile; fileRef = 032C8D7821DCCCE900AB3F6C /* TweetSentimentClassifier.mlmodel */; };
		032C8DA921E20DCA00AB3F6C /* SwifteriOS.framework in Frameworks */ = {isa = PBXBuildFile; fileRef = 032C8DA221E20D9600AB3F6C /* SwifteriOS.framework */; };
		032C8DAA21E20DCA00AB3F6C /* SwifteriOS.framework in Embed Frameworks */ = {isa = PBXBuildFile; fileRef = 032C8DA221E20D9600AB3F6C /* SwifteriOS.framework */; settings = {ATTRIBUTES = (CodeSignOnCopy, RemoveHeadersOnCopy, ); }; };
/* End PBXBuildFile section */

/* Begin PBXContainerItemProxy section */
		032C8D9F21E20D9600AB3F6C /* PBXContainerItemProxy */ = {
			isa = PBXContainerItemProxy;
			containerPortal = 032C8D9721E20D9600AB3F6C /* Swifter.xcodeproj */;
			proxyType = 2;
			remoteGlobalIDString = 8B300C1F1944AA1A00993175;
			remoteInfo = SwifterDemoiOS;
		};
		032C8DA121E20D9600AB3F6C /* PBXContainerItemProxy */ = {
			isa = PBXContainerItemProxy;
			containerPortal = 032C8D9721E20D9600AB3F6C /* Swifter.xcodeproj */;
			proxyType = 2;
			remoteGlobalIDString = 8B9F50EE1944A5AB00894629;
			remoteInfo = SwifteriOS;
		};
		032C8DA321E20D9600AB3F6C /* PBXContainerItemProxy */ = {
			isa = PBXContainerItemProxy;
			containerPortal = 032C8D9721E20D9600AB3F6C /* Swifter.xcodeproj */;
			proxyType = 2;
			remoteGlobalIDString = 8B9F51131944A61D00894629;
			remoteInfo = SwifterMac;
		};
		032C8DA521E20D9600AB3F6C /* PBXContainerItemProxy */ = {
			isa = PBXContainerItemProxy;
			containerPortal = 032C8D9721E20D9600AB3F6C /* Swifter.xcodeproj */;
			proxyType = 2;
			remoteGlobalIDString = 8B300C471944AECB00993175;
			remoteInfo = SwifterDemoMac;
		};
		032C8DA721E20D9600AB3F6C /* PBXContainerItemProxy */ = {
			isa = PBXContainerItemProxy;
			containerPortal = 032C8D9721E20D9600AB3F6C /* Swifter.xcodeproj */;
			proxyType = 2;
			remoteGlobalIDString = F6B4D5751C7BAC4500E06514;
			remoteInfo = SwifterTests;
		};
		032C8DAB21E20DCA00AB3F6C /* PBXContainerItemProxy */ = {
			isa = PBXContainerItemProxy;
			containerPortal = 032C8D9721E20D9600AB3F6C /* Swifter.xcodeproj */;
			proxyType = 1;
			remoteGlobalIDString = 8B9F50ED1944A5AB00894629;
			remoteInfo = SwifteriOS;
		};
/* End PBXContainerItemProxy section */

/* Begin PBXCopyFilesBuildPhase section */
		032C8D9621E20A3300AB3F6C /* Embed Frameworks */ = {
			isa = PBXCopyFilesBuildPhase;
			buildActionMask = 2147483647;
			dstPath = "";
			dstSubfolderSpec = 10;
			files = (
				032C8DAA21E20DCA00AB3F6C /* SwifteriOS.framework in Embed Frameworks */,
			);
			name = "Embed Frameworks";
			runOnlyForDeploymentPostprocessing = 0;
		};
/* End PBXCopyFilesBuildPhase section */

/* Begin PBXFileReference section */
		032C8D6321DCCB5500AB3F6C /* TweetFeeling.app */ = {isa = PBXFileReference; explicitFileType = wrapper.application; includeInIndex = 0; path = TweetFeeling.app; sourceTree = BUILT_PRODUCTS_DIR; };
		032C8D6621DCCB5500AB3F6C /* AppDelegate.swift */ = {isa = PBXFileReference; lastKnownFileType = sourcecode.swift; path = AppDelegate.swift; sourceTree = "<group>"; };
		032C8D6821DCCB5500AB3F6C /* ViewController.swift */ = {isa = PBXFileReference; lastKnownFileType = sourcecode.swift; path = ViewController.swift; sourceTree = "<group>"; };
		032C8D6B21DCCB5500AB3F6C /* Base */ = {isa = PBXFileReference; lastKnownFileType = file.storyboard; name = Base; path = Base.lproj/Main.storyboard; sourceTree = "<group>"; };
		032C8D6D21DCCB5700AB3F6C /* Assets.xcassets */ = {isa = PBXFileReference; lastKnownFileType = folder.assetcatalog; path = Assets.xcassets; sourceTree = "<group>"; };
		032C8D7021DCCB5700AB3F6C /* Base */ = {isa = PBXFileReference; lastKnownFileType = file.storyboard; name = Base; path = Base.lproj/LaunchScreen.storyboard; sourceTree = "<group>"; };
		032C8D7221DCCB5700AB3F6C /* Info.plist */ = {isa = PBXFileReference; lastKnownFileType = text.plist.xml; path = Info.plist; sourceTree = "<group>"; };
		032C8D7821DCCCE900AB3F6C /* TweetSentimentClassifier.mlmodel */ = {isa = PBXFileReference; lastKnownFileType = file.mlmodel; path = TweetSentimentClassifier.mlmodel; sourceTree = "<group>"; };
		032C8D9721E20D9600AB3F6C /* Swifter.xcodeproj */ = {isa = PBXFileReference; lastKnownFileType = "wrapper.pb-project"; name = Swifter.xcodeproj; path = ../../Swifter/Swifter.xcodeproj; sourceTree = "<group>"; };
/* End PBXFileReference section */

/* Begin PBXFrameworksBuildPhase section */
		032C8D6021DCCB5500AB3F6C /* Frameworks */ = {
			isa = PBXFrameworksBuildPhase;
			buildActionMask = 2147483647;
			files = (
				032C8DA921E20DCA00AB3F6C /* SwifteriOS.framework in Frameworks */,
			);
			runOnlyForDeploymentPostprocessing = 0;
		};
/* End PBXFrameworksBuildPhase section */

/* Begin PBXGroup section */
		032C8D5A21DCCB5400AB3F6C = {
			isa = PBXGroup;
			children = (
				032C8D9721E20D9600AB3F6C /* Swifter.xcodeproj */,
				032C8D6521DCCB5500AB3F6C /* TweetFeeling */,
				032C8D6421DCCB5500AB3F6C /* Products */,
			);
			sourceTree = "<group>";
		};
		032C8D6421DCCB5500AB3F6C /* Products */ = {
			isa = PBXGroup;
			children = (
				032C8D6321DCCB5500AB3F6C /* TweetFeeling.app */,
			);
			name = Products;
			sourceTree = "<group>";
		};
		032C8D6521DCCB5500AB3F6C /* TweetFeeling */ = {
			isa = PBXGroup;
			children = (
				032C8D6621DCCB5500AB3F6C /* AppDelegate.swift */,
				032C8D6821DCCB5500AB3F6C /* ViewController.swift */,
				032C8D6A21DCCB5500AB3F6C /* Main.storyboard */,
				032C8D6D21DCCB5700AB3F6C /* Assets.xcassets */,
				032C8D6F21DCCB5700AB3F6C /* LaunchScreen.storyboard */,
				032C8D7221DCCB5700AB3F6C /* Info.plist */,
				032C8D7821DCCCE900AB3F6C /* TweetSentimentClassifier.mlmodel */,
			);
			path = TweetFeeling;
			sourceTree = "<group>";
		};
		032C8D9821E20D9600AB3F6C /* Products */ = {
			isa = PBXGroup;
			children = (
				032C8DA021E20D9600AB3F6C /* SwifterDemoiOS.app */,
				032C8DA221E20D9600AB3F6C /* SwifteriOS.framework */,
				032C8DA421E20D9600AB3F6C /* SwifterMac.framework */,
				032C8DA621E20D9600AB3F6C /* SwifterDemoMac.app */,
				032C8DA821E20D9600AB3F6C /* SwifterTests.xctest */,
			);
			name = Products;
			sourceTree = "<group>";
		};
/* End PBXGroup section */

/* Begin PBXNativeTarget section */
		032C8D6221DCCB5500AB3F6C /* TweetFeeling */ = {
			isa = PBXNativeTarget;
			buildConfigurationList = 032C8D7521DCCB5700AB3F6C /* Build configuration list for PBXNativeTarget "TweetFeeling" */;
			buildPhases = (
				032C8D5F21DCCB5500AB3F6C /* Sources */,
				032C8D6021DCCB5500AB3F6C /* Frameworks */,
				032C8D6121DCCB5500AB3F6C /* Resources */,
				032C8D9621E20A3300AB3F6C /* Embed Frameworks */,
			);
			buildRules = (
			);
			dependencies = (
				032C8DAC21E20DCA00AB3F6C /* PBXTargetDependency */,
			);
			name = TweetFeeling;
			productName = TweetFeeling;
			productReference = 032C8D6321DCCB5500AB3F6C /* TweetFeeling.app */;
			productType = "com.apple.product-type.application";
		};
/* End PBXNativeTarget section */

/* Begin PBXProject section */
		032C8D5B21DCCB5500AB3F6C /* Project object */ = {
			isa = PBXProject;
			attributes = {
				LastSwiftUpdateCheck = 1000;
				LastUpgradeCheck = 1000;
				ORGANIZATIONNAME = "Bold Lion";
				TargetAttributes = {
					032C8D6221DCCB5500AB3F6C = {
						CreatedOnToolsVersion = 10.0;
					};
				};
			};
			buildConfigurationList = 032C8D5E21DCCB5500AB3F6C /* Build configuration list for PBXProject "TweetFeeling" */;
			compatibilityVersion = "Xcode 9.3";
			developmentRegion = en;
			hasScannedForEncodings = 0;
			knownRegions = (
				en,
				Base,
			);
			mainGroup = 032C8D5A21DCCB5400AB3F6C;
			productRefGroup = 032C8D6421DCCB5500AB3F6C /* Products */;
			projectDirPath = "";
			projectReferences = (
				{
					ProductGroup = 032C8D9821E20D9600AB3F6C /* Products */;
					ProjectRef = 032C8D9721E20D9600AB3F6C /* Swifter.xcodeproj */;
				},
			);
			projectRoot = "";
			targets = (
				032C8D6221DCCB5500AB3F6C /* TweetFeeling */,
			);
		};
/* End PBXProject section */

/* Begin PBXReferenceProxy section */
		032C8DA021E20D9600AB3F6C /* SwifterDemoiOS.app */ = {
			isa = PBXReferenceProxy;
			fileType = wrapper.application;
			path = SwifterDemoiOS.app;
			remoteRef = 032C8D9F21E20D9600AB3F6C /* PBXContainerItemProxy */;
			sourceTree = BUILT_PRODUCTS_DIR;
		};
		032C8DA221E20D9600AB3F6C /* SwifteriOS.framework */ = {
			isa = PBXReferenceProxy;
			fileType = wrapper.framework;
			path = SwifteriOS.framework;
			remoteRef = 032C8DA121E20D9600AB3F6C /* PBXContainerItemProxy */;
			sourceTree = BUILT_PRODUCTS_DIR;
		};
		032C8DA421E20D9600AB3F6C /* SwifterMac.framework */ = {
			isa = PBXReferenceProxy;
			fileType = wrapper.framework;
			path = SwifterMac.framework;
			remoteRef = 032C8DA321E20D9600AB3F6C /* PBXContainerItemProxy */;
			sourceTree = BUILT_PRODUCTS_DIR;
		};
		032C8DA621E20D9600AB3F6C /* SwifterDemoMac.app */ = {
			isa = PBXReferenceProxy;
			fileType = wrapper.application;
			path = SwifterDemoMac.app;
			remoteRef = 032C8DA521E20D9600AB3F6C /* PBXContainerItemProxy */;
			sourceTree = BUILT_PRODUCTS_DIR;
		};
		032C8DA821E20D9600AB3F6C /* SwifterTests.xctest */ = {
			isa = PBXReferenceProxy;
			fileType = wrapper.cfbundle;
			path = SwifterTests.xctest;
			remoteRef = 032C8DA721E20D9600AB3F6C /* PBXContainerItemProxy */;
			sourceTree = BUILT_PRODUCTS_DIR;
		};
/* End PBXReferenceProxy section */

/* Begin PBXResourcesBuildPhase section */
		032C8D6121DCCB5500AB3F6C /* Resources */ = {
			isa = PBXResourcesBuildPhase;
			buildActionMask = 2147483647;
			files = (
				032C8D7121DCCB5700AB3F6C /* LaunchScreen.storyboard in Resources */,
				032C8D6E21DCCB5700AB3F6C /* Assets.xcassets in Resources */,
				032C8D6C21DCCB5500AB3F6C /* Main.storyboard in Resources */,
			);
			runOnlyForDeploymentPostprocessing = 0;
		};
/* End PBXResourcesBuildPhase section */

/* Begin PBXSourcesBuildPhase section */
		032C8D5F21DCCB5500AB3F6C /* Sources */ = {
			isa = PBXSourcesBuildPhase;
			buildActionMask = 2147483647;
			files = (
				032C8D7921DCCCE900AB3F6C /* TweetSentimentClassifier.mlmodel in Sources */,
				032C8D6921DCCB5500AB3F6C /* ViewController.swift in Sources */,
				032C8D6721DCCB5500AB3F6C /* AppDelegate.swift in Sources */,
			);
			runOnlyForDeploymentPostprocessing = 0;
		};
/* End PBXSourcesBuildPhase section */

/* Begin PBXTargetDependency section */
		032C8DAC21E20DCA00AB3F6C /* PBXTargetDependency */ = {
			isa = PBXTargetDependency;
			name = SwifteriOS;
			targetProxy = 032C8DAB21E20DCA00AB3F6C /* PBXContainerItemProxy */;
		};
/* End PBXTargetDependency section */

/* Begin PBXVariantGroup section */
		032C8D6A21DCCB5500AB3F6C /* Main.storyboard */ = {
			isa = PBXVariantGroup;
			children = (
				032C8D6B21DCCB5500AB3F6C /* Base */,
			);
			name = Main.storyboard;
			sourceTree = "<group>";
		};
		032C8D6F21DCCB5700AB3F6C /* LaunchScreen.storyboard */ = {
			isa = PBXVariantGroup;
			children = (
				032C8D7021DCCB5700AB3F6C /* Base */,
			);
			name = LaunchScreen.storyboard;
			sourceTree = "<group>";
		};
/* End PBXVariantGroup section */

/* Begin XCBuildConfiguration section */
		032C8D7321DCCB5700AB3F6C /* Debug */ = {
			isa = XCBuildConfiguration;
			buildSettings = {
				ALWAYS_SEARCH_USER_PATHS = NO;
				CLANG_ANALYZER_NONNULL = YES;
				CLANG_ANALYZER_NUMBER_OBJECT_CONVERSION = YES_AGGRESSIVE;
				CLANG_CXX_LANGUAGE_STANDARD = "gnu++14";
				CLANG_CXX_LIBRARY = "libc++";
				CLANG_ENABLE_MODULES = YES;
				CLANG_ENABLE_OBJC_ARC = YES;
				CLANG_ENABLE_OBJC_WEAK = YES;
				CLANG_WARN_BLOCK_CAPTURE_AUTORELEASING = YES;
				CLANG_WARN_BOOL_CONVERSION = YES;
				CLANG_WARN_COMMA = YES;
				CLANG_WARN_CONSTANT_CONVERSION = YES;
				CLANG_WARN_DEPRECATED_OBJC_IMPLEMENTATIONS = YES;
				CLANG_WARN_DIRECT_OBJC_ISA_USAGE = YES_ERROR;
				CLANG_WARN_DOCUMENTATION_COMMENTS = YES;
				CLANG_WARN_EMPTY_BODY = YES;
				CLANG_WARN_ENUM_CONVERSION = YES;
				CLANG_WARN_INFINITE_RECURSION = YES;
				CLANG_WARN_INT_CONVERSION = YES;
				CLANG_WARN_NON_LITERAL_NULL_CONVERSION = YES;
				CLANG_WARN_OBJC_IMPLICIT_RETAIN_SELF = YES;
				CLANG_WARN_OBJC_LITERAL_CONVERSION = YES;
				CLANG_WARN_OBJC_ROOT_CLASS = YES_ERROR;
				CLANG_WARN_RANGE_LOOP_ANALYSIS = YES;
				CLANG_WARN_STRICT_PROTOTYPES = YES;
				CLANG_WARN_SUSPICIOUS_MOVE = YES;
				CLANG_WARN_UNGUARDED_AVAILABILITY = YES_AGGRESSIVE;
				CLANG_WARN_UNREACHABLE_CODE = YES;
				CLANG_WARN__DUPLICATE_METHOD_MATCH = YES;
				CODE_SIGN_IDENTITY = "iPhone Developer";
				COPY_PHASE_STRIP = NO;
				DEBUG_INFORMATION_FORMAT = dwarf;
				ENABLE_STRICT_OBJC_MSGSEND = YES;
				ENABLE_TESTABILITY = YES;
				GCC_C_LANGUAGE_STANDARD = gnu11;
				GCC_DYNAMIC_NO_PIC = NO;
				GCC_NO_COMMON_BLOCKS = YES;
				GCC_OPTIMIZATION_LEVEL = 0;
				GCC_PREPROCESSOR_DEFINITIONS = (
					"DEBUG=1",
					"$(inherited)",
				);
				GCC_WARN_64_TO_32_BIT_CONVERSION = YES;
				GCC_WARN_ABOUT_RETURN_TYPE = YES_ERROR;
				GCC_WARN_UNDECLARED_SELECTOR = YES;
				GCC_WARN_UNINITIALIZED_AUTOS = YES_AGGRESSIVE;
				GCC_WARN_UNUSED_FUNCTION = YES;
				GCC_WARN_UNUSED_VARIABLE = YES;
				IPHONEOS_DEPLOYMENT_TARGET = 12.0;
				MTL_ENABLE_DEBUG_INFO = INCLUDE_SOURCE;
				MTL_FAST_MATH = YES;
				ONLY_ACTIVE_ARCH = YES;
				SDKROOT = iphoneos;
				SWIFT_ACTIVE_COMPILATION_CONDITIONS = DEBUG;
				SWIFT_OPTIMIZATION_LEVEL = "-Onone";
			};
			name = Debug;
		};
		032C8D7421DCCB5700AB3F6C /* Release */ = {
			isa = XCBuildConfiguration;
			buildSettings = {
				ALWAYS_SEARCH_USER_PATHS = NO;
				CLANG_ANALYZER_NONNULL = YES;
				CLANG_ANALYZER_NUMBER_OBJECT_CONVERSION = YES_AGGRESSIVE;
				CLANG_CXX_LANGUAGE_STANDARD = "gnu++14";
				CLANG_CXX_LIBRARY = "libc++";
				CLANG_ENABLE_MODULES = YES;
				CLANG_ENABLE_OBJC_ARC = YES;
				CLANG_ENABLE_OBJC_WEAK = YES;
				CLANG_WARN_BLOCK_CAPTURE_AUTORELEASING = YES;
				CLANG_WARN_BOOL_CONVERSION = YES;
				CLANG_WARN_COMMA = YES;
				CLANG_WARN_CONSTANT_CONVERSION = YES;
				CLANG_WARN_DEPRECATED_OBJC_IMPLEMENTATIONS = YES;
				CLANG_WARN_DIRECT_OBJC_ISA_USAGE = YES_ERROR;
				CLANG_WARN_DOCUMENTATION_COMMENTS = YES;
				CLANG_WARN_EMPTY_BODY = YES;
				CLANG_WARN_ENUM_CONVERSION = YES;
				CLANG_WARN_INFINITE_RECURSION = YES;
				CLANG_WARN_INT_CONVERSION = YES;
				CLANG_WARN_NON_LITERAL_NULL_CONVERSION = YES;
				CLANG_WARN_OBJC_IMPLICIT_RETAIN_SELF = YES;
				CLANG_WARN_OBJC_LITERAL_CONVERSION = YES;
				CLANG_WARN_OBJC_ROOT_CLASS = YES_ERROR;
				CLANG_WARN_RANGE_LOOP_ANALYSIS = YES;
				CLANG_WARN_STRICT_PROTOTYPES = YES;
				CLANG_WARN_SUSPICIOUS_MOVE = YES;
				CLANG_WARN_UNGUARDED_AVAILABILITY = YES_AGGRESSIVE;
				CLANG_WARN_UNREACHABLE_CODE = YES;
				CLANG_WARN__DUPLICATE_METHOD_MATCH = YES;
				CODE_SIGN_IDENTITY = "iPhone Developer";
				COPY_PHASE_STRIP = NO;
				DEBUG_INFORMATION_FORMAT = "dwarf-with-dsym";
				ENABLE_NS_ASSERTIONS = NO;
				ENABLE_STRICT_OBJC_MSGSEND = YES;
				GCC_C_LANGUAGE_STANDARD = gnu11;
				GCC_NO_COMMON_BLOCKS = YES;
				GCC_WARN_64_TO_32_BIT_CONVERSION = YES;
				GCC_WARN_ABOUT_RETURN_TYPE = YES_ERROR;
				GCC_WARN_UNDECLARED_SELECTOR = YES;
				GCC_WARN_UNINITIALIZED_AUTOS = YES_AGGRESSIVE;
				GCC_WARN_UNUSED_FUNCTION = YES;
				GCC_WARN_UNUSED_VARIABLE = YES;
				IPHONEOS_DEPLOYMENT_TARGET = 12.0;
				MTL_ENABLE_DEBUG_INFO = NO;
				MTL_FAST_MATH = YES;
				SDKROOT = iphoneos;
				SWIFT_COMPILATION_MODE = wholemodule;
				SWIFT_OPTIMIZATION_LEVEL = "-O";
				VALIDATE_PRODUCT = YES;
			};
			name = Release;
		};
		032C8D7621DCCB5700AB3F6C /* Debug */ = {
			isa = XCBuildConfiguration;
			buildSettings = {
				ALWAYS_EMBED_SWIFT_STANDARD_LIBRARIES = YES;
				ASSETCATALOG_COMPILER_APPICON_NAME = AppIcon;
				CODE_SIGN_STYLE = Automatic;
				DEVELOPMENT_TEAM = C7Z3QND73W;
				INFOPLIST_FILE = TweetFeeling/Info.plist;
				LD_RUNPATH_SEARCH_PATHS = (
					"$(inherited)",
					"@executable_path/Frameworks",
				);
				PRODUCT_BUNDLE_IDENTIFIER = com.example.TweetFeeling;
				PRODUCT_NAME = "$(TARGET_NAME)";
				SWIFT_VERSION = 4.2;
				TARGETED_DEVICE_FAMILY = "1,2";
			};
			name = Debug;
		};
		032C8D7721DCCB5700AB3F6C /* Release */ = {
			isa = XCBuildConfiguration;
			buildSettings = {
				ALWAYS_EMBED_SWIFT_STANDARD_LIBRARIES = YES;
				ASSETCATALOG_COMPILER_APPICON_NAME = AppIcon;
				CODE_SIGN_STYLE = Automatic;
				DEVELOPMENT_TEAM = C7Z3QND73W;
				INFOPLIST_FILE = TweetFeeling/Info.plist;
				LD_RUNPATH_SEARCH_PATHS = (
					"$(inherited)",
					"@executable_path/Frameworks",
				);
				PRODUCT_BUNDLE_IDENTIFIER = com.example.TweetFeeling;
				PRODUCT_NAME = "$(TARGET_NAME)";
				SWIFT_VERSION = 4.2;
				TARGETED_DEVICE_FAMILY = "1,2";
			};
			name = Release;
		};
/* End XCBuildConfiguration section */

/* Begin XCConfigurationList section */
		032C8D5E21DCCB5500AB3F6C /* Build configuration list for PBXProject "TweetFeeling" */ = {
			isa = XCConfigurationList;
			buildConfigurations = (
				032C8D7321DCCB5700AB3F6C /* Debug */,
				032C8D7421DCCB5700AB3F6C /* Release */,
			);
			defaultConfigurationIsVisible = 0;
			defaultConfigurationName = Release;
		};
		032C8D7521DCCB5700AB3F6C /* Build configuration list for PBXNativeTarget "TweetFeeling" */ = {
			isa = XCConfigurationList;
			buildConfigurations = (
				032C8D7621DCCB5700AB3F6C /* Debug */,
				032C8D7721DCCB5700AB3F6C /* Release */,
			);
			defaultConfigurationIsVisible = 0;
			defaultConfigurationName = Release;
		};
/* End XCConfigurationList section */
	};
	rootObject = 032C8D5B21DCCB5500AB3F6C /* Project object */;
}
